
Microsoft Visual Studio Solution File, Format Version 12.00
# Visual Studio 14
VisualStudioVersion = 14.0.24720.0
MinimumVisualStudioVersion = 10.0.40219.1
Project("{FAE04EC0-301F-11D3-BF4B-00C04F79EFBC}") = "HelloWorld", "HelloWorld\HelloWorld.csproj", "{16A81C80-A409-4F55-8DC0-54CEA73CF83B}"
EndProject
Project("{FAE04EC0-301F-11D3-BF4B-00C04F79EFBC}") = "PrintNumbers", "PrintNumbers\PrintNumbers.csproj", "{249A6AF1-960C-4EAE-95EB-289154326F0A}"
EndProject
Global
	GlobalSection(SolutionConfigurationPlatforms) = preSolution
		Debug|Any CPU = Debug|Any CPU
		Release|Any CPU = Release|Any CPU
	EndGlobalSection
	GlobalSection(ProjectConfigurationPlatforms) = postSolution
		{16A81C80-A409-4F55-8DC0-54CEA73CF83B}.Debug|Any CPU.ActiveCfg = Debug|Any CPU
		{16A81C80-A409-4F55-8DC0-54CEA73CF83B}.Debug|Any CPU.Build.0 = Debug|Any CPU
		{16A81C80-A409-4F55-8DC0-54CEA73CF83B}.Release|Any CPU.ActiveCfg = Release|Any CPU
		{16A81C80-A409-4F55-8DC0-54CEA73CF83B}.Release|Any CPU.Build.0 = Release|Any CPU
		{249A6AF1-960C-4EAE-95EB-289154326F0A}.Debug|Any CPU.ActiveCfg = Debug|Any CPU
		{249A6AF1-960C-4EAE-95EB-289154326F0A}.Debug|Any CPU.Build.0 = Debug|Any CPU
		{249A6AF1-960C-4EAE-95EB-289154326F0A}.Release|Any CPU.ActiveCfg = Release|Any CPU
		{249A6AF1-960C-4EAE-95EB-289154326F0A}.Release|Any CPU.Build.0 = Release|Any CPU
	EndGlobalSection
	GlobalSection(SolutionProperties) = preSolution
		HideSolutionNode = FALSE
	EndGlobalSection
EndGlobal
